
Microsoft Visual Studio Solution File, Format Version 12.00
# Visual Studio Version 17
VisualStudioVersion = 17.14.36811.4 d17.14
MinimumVisualStudioVersion = 10.0.40219.1
Project("{FAE04EC0-301F-11D3-BF4B-00C04F79EFBC}") = "atv2-exercicio-03", "atv2-exercicio-03\atv2-exercicio-03.csproj", "{A6E98F9A-419D-426B-AC53-FC5A49320B1C}"
EndProject
Global
	GlobalSection(SolutionConfigurationPlatforms) = preSolution
		Debug|Any CPU = Debug|Any CPU
		Release|Any CPU = Release|Any CPU
	EndGlobalSection
	GlobalSection(ProjectConfigurationPlatforms) = postSolution
		{A6E98F9A-419D-426B-AC53-FC5A49320B1C}.Debug|Any CPU.ActiveCfg = Debug|Any CPU
		{A6E98F9A-419D-426B-AC53-FC5A49320B1C}.Debug|Any CPU.Build.0 = Debug|Any CPU
		{A6E98F9A-419D-426B-AC53-FC5A49320B1C}.Release|Any CPU.ActiveCfg = Release|Any CPU
		{A6E98F9A-419D-426B-AC53-FC5A49320B1C}.Release|Any CPU.Build.0 = Release|Any CPU
	EndGlobalSection
	GlobalSection(SolutionProperties) = preSolution
		HideSolutionNode = FALSE
	EndGlobalSection
	GlobalSection(ExtensibilityGlobals) = postSolution
		SolutionGuid = {E1E7D3C3-9BC8-4FBA-8798-453519BF1F83}
	EndGlobalSection
EndGlobal
