
Microsoft Visual Studio Solution File, Format Version 12.00
# Visual Studio Version 17
VisualStudioVersion = 17.14.36811.4 d17.14
MinimumVisualStudioVersion = 10.0.40219.1
Project("{FAE04EC0-301F-11D3-BF4B-00C04F79EFBC}") = "atv2-exercicio-02", "atv2-exercicio-02\atv2-exercicio-02.csproj", "{838DE3B1-B392-4C96-A96E-0379E78103A7}"
EndProject
Global
	GlobalSection(SolutionConfigurationPlatforms) = preSolution
		Debug|Any CPU = Debug|Any CPU
		Release|Any CPU = Release|Any CPU
	EndGlobalSection
	GlobalSection(ProjectConfigurationPlatforms) = postSolution
		{838DE3B1-B392-4C96-A96E-0379E78103A7}.Debug|Any CPU.ActiveCfg = Debug|Any CPU
		{838DE3B1-B392-4C96-A96E-0379E78103A7}.Debug|Any CPU.Build.0 = Debug|Any CPU
		{838DE3B1-B392-4C96-A96E-0379E78103A7}.Release|Any CPU.ActiveCfg = Release|Any CPU
		{838DE3B1-B392-4C96-A96E-0379E78103A7}.Release|Any CPU.Build.0 = Release|Any CPU
	EndGlobalSection
	GlobalSection(SolutionProperties) = preSolution
		HideSolutionNode = FALSE
	EndGlobalSection
	GlobalSection(ExtensibilityGlobals) = postSolution
		SolutionGuid = {C9ECDCB4-F9D8-41F4-868D-3255358A5730}
	EndGlobalSection
EndGlobal
